
Microsoft Visual Studio Solution File, Format Version 12.00
# Visual Studio Version 17
VisualStudioVersion = 17.7.34009.444
MinimumVisualStudioVersion = 10.0.40219.1
Project("{FAE04EC0-301F-11D3-BF4B-00C04F79EFBC}") = "Enumeration", "Enumeration\Enumeration.csproj", "{B19D302A-3707-4FBA-8F8E-DD9E45B07D7A}"
EndProject
Global
	GlobalSection(SolutionConfigurationPlatforms) = preSolution
		Debug|Any CPU = Debug|Any CPU
		Release|Any CPU = Release|Any CPU
	EndGlobalSection
	GlobalSection(ProjectConfigurationPlatforms) = postSolution
		{B19D302A-3707-4FBA-8F8E-DD9E45B07D7A}.Debug|Any CPU.ActiveCfg = Debug|Any CPU
		{B19D302A-3707-4FBA-8F8E-DD9E45B07D7A}.Debug|Any CPU.Build.0 = Debug|Any CPU
		{B19D302A-3707-4FBA-8F8E-DD9E45B07D7A}.Release|Any CPU.ActiveCfg = Release|Any CPU
		{B19D302A-3707-4FBA-8F8E-DD9E45B07D7A}.Release|Any CPU.Build.0 = Release|Any CPU
	EndGlobalSection
	GlobalSection(SolutionProperties) = preSolution
		HideSolutionNode = FALSE
	EndGlobalSection
	GlobalSection(ExtensibilityGlobals) = postSolution
		SolutionGuid = {6094B4E7-85D0-4874-9C90-5D70DAE749C8}
	EndGlobalSection
EndGlobal
